
Microsoft Visual Studio Solution File, Format Version 9.00
# Visual Studio 2005
Project("{FAE04EC0-301F-11D3-BF4B-00C04F79EFBC}") = "HideCryptoSleep", "HideCryptoSleep.csproj", "{68ED9B84-D85F-4730-93C2-7378792A584B}"
EndProject
Global
	GlobalSection(SolutionConfigurationPlatforms) = preSolution
		Debug|Any CPU = Debug|Any CPU
		Release|Any CPU = Release|Any CPU
	EndGlobalSection
	GlobalSection(ProjectConfigurationPlatforms) = postSolution
		{68ED9B84-D85F-4730-93C2-7378792A584B}.Debug|Any CPU.ActiveCfg = Debug|Any CPU
		{68ED9B84-D85F-4730-93C2-7378792A584B}.Debug|Any CPU.Build.0 = Debug|Any CPU
		{68ED9B84-D85F-4730-93C2-7378792A584B}.Release|Any CPU.ActiveCfg = Release|Any CPU
		{68ED9B84-D85F-4730-93C2-7378792A584B}.Release|Any CPU.Build.0 = Release|Any CPU
	EndGlobalSection
	GlobalSection(SolutionProperties) = preSolution
		HideSolutionNode = FALSE
	EndGlobalSection
EndGlobal
